lockfileVersion: '9.0'

settings:
  autoInstallPeers: true
  excludeLinksFromLockfile: false

importers:

  .:
    devDependencies:
      '@tailwindcss/postcss':
        specifier: ^4.1.1
        version: 4.1.1
      postcss:
        specifier: ^8.4.33
        version: 8.4.49
      tailwindcss:
        specifier: ^4.1.1
        version: 4.1.1

packages:

  '@alloc/quick-lru@5.2.0':
    resolution: {integrity: sha512-UrcABB+4bUrFABwbluTIBErXwvbsU/V7TZWfmbgJfbkwiBuziS9gxdODUyuiecfdGQ85jglMW6juS3+z5TsKLw==}
    engines: {node: '>=10'}

  '@tailwindcss/node@4.1.1':
    resolution: {integrity: sha512-xvlh4pvfG/bkv0fEtJDABAm1tjtSmSyi2QmS4zyj1EKNI1UiOYiUq1IphSwDsNJ5vJ9cWEGs4rJXpUdCN2kujQ==}

  '@tailwindcss/oxide-android-arm64@4.1.1':
    resolution: {integrity: sha512-gTyRzfdParpoCU1yyUC/iN6XK6T0Ra4bDlF8Aeul5NP9cLzKEZDogdNVNGv5WZmCDkVol7qlex7TMmcfytMmmw==}
    engines: {node: '>= 10'}
    cpu: [arm64]
    os: [android]

  '@tailwindcss/oxide-darwin-arm64@4.1.1':
    resolution: {integrity: sha512-dI0QbdMWBvLB3MtaTKetzUKG9CUUQow8JSP4Nm+OxVokeZ+N+f1OmZW/hW1LzMxpx9RQCBgSRL+IIvKRat5Wdg==}
    engines: {node: '>= 10'}
    cpu: [arm64]
    os: [darwin]

  '@tailwindcss/oxide-darwin-x64@4.1.1':
    resolution: {integrity: sha512-2Y+NPQOTRBCItshPgY/CWg4bKi7E9evMg4bgdb6h9iZObCZLOe3doPcuSxGS3DB0dKyMFKE8pTdWtFUbxZBMSA==}
    engines: {node: '>= 10'}
    cpu: [x64]
    os: [darwin]

  '@tailwindcss/oxide-freebsd-x64@4.1.1':
    resolution: {integrity: sha512-N97NGMsB/7CHShbc5ube4dcsW/bYENkBrg8yWi8ieN9boYVRdw3cZviVryV/Nfu9bKbBV9kUvduFF2qBI7rEqg==}
    engines: {node: '>= 10'}
    cpu: [x64]
    os: [freebsd]

  '@tailwindcss/oxide-linux-arm-gnueabihf@4.1.1':
    resolution: {integrity: sha512-33Lk6KbHnUZbXqza6RWNFo9wqPQ4+H5BAn1CkUUfC1RZ1vYbyDN6+iJPj53wmnWJ3mhRI8jWt3Jt1fO02IVdUQ==}
    engines: {node: '>= 10'}
    cpu: [arm]
    os: [linux]

  '@tailwindcss/oxide-linux-arm64-gnu@4.1.1':
    resolution: {integrity: sha512-LyW35RzSUy+80WYScv03HKasAUmMFDaSbNpWfk1gG5gEE9kuRGnDzSrqMoLAmY/kzMCYP/1kqmUiAx8EFLkI2A==}
    engines: {node: '>= 10'}
    cpu: [arm64]
    os: [linux]

  '@tailwindcss/oxide-linux-arm64-musl@4.1.1':
    resolution: {integrity: sha512-1KPnDMlHdqjPTUSFjx55pafvs8RZXRgxfeRgUrukwDKkuj7gFk28vW3Mx65YdiugAc9NWs3VgueZWaM1Po6uGw==}
    engines: {node: '>= 10'}
    cpu: [arm64]
    os: [linux]

  '@tailwindcss/oxide-linux-x64-gnu@4.1.1':
    resolution: {integrity: sha512-4WdzA+MRlsinEEE6yxNMLJxpw0kE9XVipbAKdTL8BeUpyC2TdA3TL46lBulXzKp3BIxh3nqyR/UCqzl5o+3waQ==}
    engines: {node: '>= 10'}
    cpu: [x64]
    os: [linux]

  '@tailwindcss/oxide-linux-x64-musl@4.1.1':
    resolution: {integrity: sha512-q7Ugbw3ARcjCW2VMUYrcMbJ6aMQuWPArBBE2EqC/swPZTdGADvMQSlvR0VKusUM4HoSsO7ZbvcZ53YwR57+AKw==}
    engines: {node: '>= 10'}
    cpu: [x64]
    os: [linux]

  '@tailwindcss/oxide-win32-arm64-msvc@4.1.1':
    resolution: {integrity: sha512-0KpqsovgHcIzm7eAGzzEZsEs0/nPYXnRBv+aPq/GehpNQuE/NAQu+YgZXIIof+VflDFuyXOEnaFr7T5MZ1INhA==}
    engines: {node: '>= 10'}
    cpu: [arm64]
    os: [win32]

  '@tailwindcss/oxide-win32-x64-msvc@4.1.1':
    resolution: {integrity: sha512-B1mjeXNS26kBOHv5sXARf6Wd0PWHV9x1TDlW0ummrBUOUAxAy5wcy4Nii1wzNvCdvC448hgiL06ylhwAbNthmg==}
    engines: {node: '>= 10'}
    cpu: [x64]
    os: [win32]

  '@tailwindcss/oxide@4.1.1':
    resolution: {integrity: sha512-7+YBgnPQ4+jv6B6WVOerJ6WOzDzNJXrRKDts674v6TKAqFqYRr9+EBtSziO7nNcwQ8JtoZNMeqA+WJDjtCM/7w==}
    engines: {node: '>= 10'}

  '@tailwindcss/postcss@4.1.1':
    resolution: {integrity: sha512-GX9AEM+msH0i2Yh1b6CuDRaZRo3kmbvIrLbSfvJ53C3uaAgsQ//fTQAh9HMQ6t1a9zvoUptlYqG//plWsBQTCw==}

  detect-libc@2.0.3:
    resolution: {integrity: sha512-bwy0MGW55bG41VqxxypOsdSdGqLwXPI/focwgTYCFMbdUiBAxLg9CFzG08sz2aqzknwiX7Hkl0bQENjg8iLByw==}
    engines: {node: '>=8'}

  enhanced-resolve@5.18.1:
    resolution: {integrity: sha512-ZSW3ma5GkcQBIpwZTSRAI8N71Uuwgs93IezB7mf7R60tC8ZbJideoDNKjHn2O9KIlx6rkGTTEk1xUCK2E1Y2Yg==}
    engines: {node: '>=10.13.0'}

  graceful-fs@4.2.11:
    resolution: {integrity: sha512-RbJ5/jmFcNNCcDV5o9eTnBLJ/HszWV0P73bc+Ff4nS/rJj+YaS6IGyiOL0VoBYX+l1Wrl3k63h/KrH+nhJ0XvQ==}

  jiti@2.4.2:
    resolution: {integrity: sha512-rg9zJN+G4n2nfJl5MW3BMygZX56zKPNVEYYqq7adpmMh4Jn2QNEwhvQlFy6jPVdcod7txZtKHWnyZiA3a0zP7A==}
    hasBin: true

  lightningcss-darwin-arm64@1.29.2:
    resolution: {integrity: sha512-cK/eMabSViKn/PG8U/a7aCorpeKLMlK0bQeNHmdb7qUnBkNPnL+oV5DjJUo0kqWsJUapZsM4jCfYItbqBDvlcA==}
    engines: {node: '>= 12.0.0'}
    cpu: [arm64]
    os: [darwin]

  lightningcss-darwin-x64@1.29.2:
    resolution: {integrity: sha512-j5qYxamyQw4kDXX5hnnCKMf3mLlHvG44f24Qyi2965/Ycz829MYqjrVg2H8BidybHBp9kom4D7DR5VqCKDXS0w==}
    engines: {node: '>= 12.0.0'}
    cpu: [x64]
    os: [darwin]

  lightningcss-freebsd-x64@1.29.2:
    resolution: {integrity: sha512-wDk7M2tM78Ii8ek9YjnY8MjV5f5JN2qNVO+/0BAGZRvXKtQrBC4/cn4ssQIpKIPP44YXw6gFdpUF+Ps+RGsCwg==}
    engines: {node: '>= 12.0.0'}
    cpu: [x64]
    os: [freebsd]

  lightningcss-linux-arm-gnueabihf@1.29.2:
    resolution: {integrity: sha512-IRUrOrAF2Z+KExdExe3Rz7NSTuuJ2HvCGlMKoquK5pjvo2JY4Rybr+NrKnq0U0hZnx5AnGsuFHjGnNT14w26sg==}
    engines: {node: '>= 12.0.0'}
    cpu: [arm]
    os: [linux]

  lightningcss-linux-arm64-gnu@1.29.2:
    resolution: {integrity: sha512-KKCpOlmhdjvUTX/mBuaKemp0oeDIBBLFiU5Fnqxh1/DZ4JPZi4evEH7TKoSBFOSOV3J7iEmmBaw/8dpiUvRKlQ==}
    engines: {node: '>= 12.0.0'}
    cpu: [arm64]
    os: [linux]

  lightningcss-linux-arm64-musl@1.29.2:
    resolution: {integrity: sha512-Q64eM1bPlOOUgxFmoPUefqzY1yV3ctFPE6d/Vt7WzLW4rKTv7MyYNky+FWxRpLkNASTnKQUaiMJ87zNODIrrKQ==}
    engines: {node: '>= 12.0.0'}
    cpu: [arm64]
    os: [linux]

  lightningcss-linux-x64-gnu@1.29.2:
    resolution: {integrity: sha512-0v6idDCPG6epLXtBH/RPkHvYx74CVziHo6TMYga8O2EiQApnUPZsbR9nFNrg2cgBzk1AYqEd95TlrsL7nYABQg==}
    engines: {node: '>= 12.0.0'}
    cpu: [x64]
    os: [linux]

  lightningcss-linux-x64-musl@1.29.2:
    resolution: {integrity: sha512-rMpz2yawkgGT8RULc5S4WiZopVMOFWjiItBT7aSfDX4NQav6M44rhn5hjtkKzB+wMTRlLLqxkeYEtQ3dd9696w==}
    engines: {node: '>= 12.0.0'}
    cpu: [x64]
    os: [linux]

  lightningcss-win32-arm64-msvc@1.29.2:
    resolution: {integrity: sha512-nL7zRW6evGQqYVu/bKGK+zShyz8OVzsCotFgc7judbt6wnB2KbiKKJwBE4SGoDBQ1O94RjW4asrCjQL4i8Fhbw==}
    engines: {node: '>= 12.0.0'}
    cpu: [arm64]
    os: [win32]

  lightningcss-win32-x64-msvc@1.29.2:
    resolution: {integrity: sha512-EdIUW3B2vLuHmv7urfzMI/h2fmlnOQBk1xlsDxkN1tCWKjNFjfLhGxYk8C8mzpSfr+A6jFFIi8fU6LbQGsRWjA==}
    engines: {node: '>= 12.0.0'}
    cpu: [x64]
    os: [win32]

  lightningcss@1.29.2:
    resolution: {integrity: sha512-6b6gd/RUXKaw5keVdSEtqFVdzWnU5jMxTUjA2bVcMNPLwSQ08Sv/UodBVtETLCn7k4S1Ibxwh7k68IwLZPgKaA==}
    engines: {node: '>= 12.0.0'}

  nanoid@3.3.8:
    resolution: {integrity: sha512-WNLf5Sd8oZxOm+TzppcYk8gVOgP+l58xNy58D0nbUnOxOWRWvlcCV4kUF7ltmI6PsrLl/BgKEyS4mqsGChFN0w==}
    engines: {node: ^10 || ^12 || ^13.7 || ^14 || >=15.0.1}
    hasBin: true

  picocolors@1.1.1:
    resolution: {integrity: sha512-xceH2snhtb5M9liqDsmEw56le376mTZkEX/jEb/RxNFyegNul7eNslCXP9FDj/Lcu0X8KEyMceP2ntpaHrDEVA==}

  postcss@8.4.49:
    resolution: {integrity: sha512-OCVPnIObs4N29kxTjzLfUryOkvZEq+pf8jTF0lg8E7uETuWHA+v7j3c/xJmiqpX450191LlmZfUKkXxkTry7nA==}
    engines: {node: ^10 || ^12 || >=14}

  source-map-js@1.2.1:
    resolution: {integrity: sha512-UXWMKhLOwVKb728IUtQPXxfYU+usdybtUrK/8uGE8CQMvrhOpwvzDBwj0QhSL7MQc7vIsISBG8VQ8+IDQxpfQA==}
    engines: {node: '>=0.10.0'}

  tailwindcss@4.1.1:
    resolution: {integrity: sha512-QNbdmeS979Efzim2g/bEvfuh+fTcIdp1y7gA+sb6OYSW74rt7Cr7M78AKdf6HqWT3d5AiTb7SwTT3sLQxr4/qw==}

  tapable@2.2.1:
    resolution: {integrity: sha512-GNzQvQTOIP6RyTfE2Qxb8ZVlNmw0n88vp1szwWRimP02mnTsx3Wtn5qRdqY9w2XduFNUgvOwhNnQsjwCp+kqaQ==}
    engines: {node: '>=6'}

snapshots:

  '@alloc/quick-lru@5.2.0': {}

  '@tailwindcss/node@4.1.1':
    dependencies:
      enhanced-resolve: 5.18.1
      jiti: 2.4.2
      lightningcss: 1.29.2
      tailwindcss: 4.1.1

  '@tailwindcss/oxide-android-arm64@4.1.1':
    optional: true

  '@tailwindcss/oxide-darwin-arm64@4.1.1':
    optional: true

  '@tailwindcss/oxide-darwin-x64@4.1.1':
    optional: true

  '@tailwindcss/oxide-freebsd-x64@4.1.1':
    optional: true

  '@tailwindcss/oxide-linux-arm-gnueabihf@4.1.1':
    optional: true

  '@tailwindcss/oxide-linux-arm64-gnu@4.1.1':
    optional: true

  '@tailwindcss/oxide-linux-arm64-musl@4.1.1':
    optional: true

  '@tailwindcss/oxide-linux-x64-gnu@4.1.1':
    optional: true

  '@tailwindcss/oxide-linux-x64-musl@4.1.1':
    optional: true

  '@tailwindcss/oxide-win32-arm64-msvc@4.1.1':
    optional: true

  '@tailwindcss/oxide-win32-x64-msvc@4.1.1':
    optional: true

  '@tailwindcss/oxide@4.1.1':
    optionalDependencies:
      '@tailwindcss/oxide-android-arm64': 4.1.1
      '@tailwindcss/oxide-darwin-arm64': 4.1.1
      '@tailwindcss/oxide-darwin-x64': 4.1.1
      '@tailwindcss/oxide-freebsd-x64': 4.1.1
      '@tailwindcss/oxide-linux-arm-gnueabihf': 4.1.1
      '@tailwindcss/oxide-linux-arm64-gnu': 4.1.1
      '@tailwindcss/oxide-linux-arm64-musl': 4.1.1
      '@tailwindcss/oxide-linux-x64-gnu': 4.1.1
      '@tailwindcss/oxide-linux-x64-musl': 4.1.1
      '@tailwindcss/oxide-win32-arm64-msvc': 4.1.1
      '@tailwindcss/oxide-win32-x64-msvc': 4.1.1

  '@tailwindcss/postcss@4.1.1':
    dependencies:
      '@alloc/quick-lru': 5.2.0
      '@tailwindcss/node': 4.1.1
      '@tailwindcss/oxide': 4.1.1
      postcss: 8.4.49
      tailwindcss: 4.1.1

  detect-libc@2.0.3: {}

  enhanced-resolve@5.18.1:
    dependencies:
      graceful-fs: 4.2.11
      tapable: 2.2.1

  graceful-fs@4.2.11: {}

  jiti@2.4.2: {}

  lightningcss-darwin-arm64@1.29.2:
    optional: true

  lightningcss-darwin-x64@1.29.2:
    optional: true

  lightningcss-freebsd-x64@1.29.2:
    optional: true

  lightningcss-linux-arm-gnueabihf@1.29.2:
    optional: true

  lightningcss-linux-arm64-gnu@1.29.2:
    optional: true

  lightningcss-linux-arm64-musl@1.29.2:
    optional: true

  lightningcss-linux-x64-gnu@1.29.2:
    optional: true

  lightningcss-linux-x64-musl@1.29.2:
    optional: true

  lightningcss-win32-arm64-msvc@1.29.2:
    optional: true

  lightningcss-win32-x64-msvc@1.29.2:
    optional: true

  lightningcss@1.29.2:
    dependencies:
      detect-libc: 2.0.3
    optionalDependencies:
      lightningcss-darwin-arm64: 1.29.2
      lightningcss-darwin-x64: 1.29.2
      lightningcss-freebsd-x64: 1.29.2
      lightningcss-linux-arm-gnueabihf: 1.29.2
      lightningcss-linux-arm64-gnu: 1.29.2
      lightningcss-linux-arm64-musl: 1.29.2
      lightningcss-linux-x64-gnu: 1.29.2
      lightningcss-linux-x64-musl: 1.29.2
      lightningcss-win32-arm64-msvc: 1.29.2
      lightningcss-win32-x64-msvc: 1.29.2

  nanoid@3.3.8: {}

  picocolors@1.1.1: {}

  postcss@8.4.49:
    dependencies:
      nanoid: 3.3.8
      picocolors: 1.1.1
      source-map-js: 1.2.1

  source-map-js@1.2.1: {}

  tailwindcss@4.1.1: {}

  tapable@2.2.1: {}
